
Microsoft Visual Studio Solution File, Format Version 12.00
# Visual Studio Version 17
VisualStudioVersion = 17.1.32203.90
MinimumVisualStudioVersion = 10.0.40219.1
Project("{00D1A9C2-B5F0-4AF3-8072-F6C62B433612}") = "Lab3", "Lab3\Lab3.sqlproj", "{AA639B37-046D-4B53-A053-0257E09395B0}"
EndProject
Project("{FAE04EC0-301F-11D3-BF4B-00C04F79EFBC}") = "Test", "Test\Test.csproj", "{529370C2-FDCA-47A6-8A14-633353276DDB}"
EndProject
Global
	GlobalSection(SolutionConfigurationPlatforms) = preSolution
		Debug|Any CPU = Debug|Any CPU
		Release|Any CPU = Release|Any CPU
	EndGlobalSection
	GlobalSection(ProjectConfigurationPlatforms) = postSolution
		{AA639B37-046D-4B53-A053-0257E09395B0}.Debug|Any CPU.ActiveCfg = Debug|Any CPU
		{AA639B37-046D-4B53-A053-0257E09395B0}.Debug|Any CPU.Build.0 = Debug|Any CPU
		{AA639B37-046D-4B53-A053-0257E09395B0}.Debug|Any CPU.Deploy.0 = Debug|Any CPU
		{AA639B37-046D-4B53-A053-0257E09395B0}.Release|Any CPU.ActiveCfg = Release|Any CPU
		{AA639B37-046D-4B53-A053-0257E09395B0}.Release|Any CPU.Build.0 = Release|Any CPU
		{AA639B37-046D-4B53-A053-0257E09395B0}.Release|Any CPU.Deploy.0 = Release|Any CPU
		{529370C2-FDCA-47A6-8A14-633353276DDB}.Debug|Any CPU.ActiveCfg = Debug|Any CPU
		{529370C2-FDCA-47A6-8A14-633353276DDB}.Debug|Any CPU.Build.0 = Debug|Any CPU
		{529370C2-FDCA-47A6-8A14-633353276DDB}.Release|Any CPU.ActiveCfg = Release|Any CPU
		{529370C2-FDCA-47A6-8A14-633353276DDB}.Release|Any CPU.Build.0 = Release|Any CPU
	EndGlobalSection
	GlobalSection(SolutionProperties) = preSolution
		HideSolutionNode = FALSE
	EndGlobalSection
	GlobalSection(ExtensibilityGlobals) = postSolution
		SolutionGuid = {9C0911F2-58CB-4BC7-8506-EB91B5EA08BE}
	EndGlobalSection
EndGlobal
